{
  "nodes": {
    "flake-utils": {
      "inputs": {
        "systems": "systems"
      },
      "locked": {
        "lastModified": 1709126324,
        "narHash": "sha256-q6EQdSeK9OtPIFEMyi7lyFV+x1mkQqVNuYTuI5dNoDc=",
        "owner": "numtide",
        "repo": "flake-utils",
        "rev": "d465f4b69f4029e0f7cda666661c23649f32cf86",
        "type": "github"
      },
      "original": {
        "owner": "numtide",
        "repo": "flake-utils",
        "type": "github"
      }
    },
    "nixpkgs": {
      "locked": {
        "lastModified": 1711267423,
        "narHash": "sha256-8z2fFTqG2b3l+DYfHO2z8E9kQJK4RjGV7BxsIKz/1Q0=",
        "owner": "NixOS",
        "repo": "nixpkgs",
        "rev": "bed1976840e22b32eceb228ce31ae0da8f4a7bcc",
        "type": "github"
      },
      "original": {
        "owner": "NixOS",
        "repo": "nixpkgs",
        "rev": "nixos-24.05",
        "type": "github"
      }
    },
    "root": {
      "inputs": {
        "flake-utils": "flake-utils",
        "nixpkgs": "nixpkgs"
      }
    },
    "systems": {
      "locked": {
        "lastModified": 1681028828,
        "narHash": "sha256-Vy12gQy6ROEayWzXJzLmwuInZHJ7saS+FPMDkQTmNKE=",
        "owner": "nix-systems",
        "repo": "default",
        "rev": "da67096a3ce6dcf6f7f56049bacc9c52313d6b78",
        "type": "github"
      },
      "original": {
        "owner": "nix-systems",
        "repo": "default",
        "type": "github"
      }
    }
  },
  "root": "root",
  "version": 7
}
